// !$*UTF8*$!
{
	archiveVersion = 1;
	classes = {
	};
	objectVersion = 46;
	objects = {

/* Begin PBXBuildFile section */
		141B839A1F4BD9F500725933 /* PlayerViewController.swift in Sources */ = {isa = PBXBuildFile; fileRef = 141B83991F4BD9F500725933 /* PlayerViewController.swift */; };
		141CDFD81F4ADA3C00080F4E /* AppDelegate.swift in Sources */ = {isa = PBXBuildFile; fileRef = 141CDFD71F4ADA3C00080F4E /* AppDelegate.swift */; };
		141CDFDA1F4ADA3C00080F4E /* SongsListViewController.swift in Sources */ = {isa = PBXBuildFile; fileRef = 141CDFD91F4ADA3C00080F4E /* SongsListViewController.swift */; };
		141CDFDC1F4ADA3C00080F4E /* AlbumsViewController.swift in Sources */ = {isa = PBXBuildFile; fileRef = 141CDFDB1F4ADA3C00080F4E /* AlbumsViewController.swift */; };
		141CDFDF1F4ADA3C00080F4E /* Main.storyboard in Resources */ = {isa = PBXBuildFile; fileRef = 141CDFDD1F4ADA3C00080F4E /* Main.storyboard */; };
		141CDFE11F4ADA3D00080F4E /* Assets.xcassets in Resources */ = {isa = PBXBuildFile; fileRef = 141CDFE01F4ADA3D00080F4E /* Assets.xcassets */; };
		141CDFE41F4ADA3D00080F4E /* LaunchScreen.storyboard in Resources */ = {isa = PBXBuildFile; fileRef = 141CDFE21F4ADA3D00080F4E /* LaunchScreen.storyboard */; };
		141CDFFD1F4AEDBC00080F4E /* ArtistsViewController.swift in Sources */ = {isa = PBXBuildFile; fileRef = 141CDFFC1F4AEDBC00080F4E /* ArtistsViewController.swift */; };
		1451338B1F4EAB4A00A8AB58 /* SongQuerry.swift in Sources */ = {isa = PBXBuildFile; fileRef = 1451338A1F4EAB4A00A8AB58 /* SongQuerry.swift */; };
		1797588E1F4C99B70035F59A /* Chua-Bao-Gio-Trung-Quan-Idol.mp3 in Resources */ = {isa = PBXBuildFile; fileRef = 179758861F4C99B70035F59A /* Chua-Bao-Gio-Trung-Quan-Idol.mp3 */; };
		1797588F1F4C99B70035F59A /* Duoi-Nhung-Con-Mua-Mr-Siro.mp3 in Resources */ = {isa = PBXBuildFile; fileRef = 179758871F4C99B70035F59A /* Duoi-Nhung-Con-Mua-Mr-Siro.mp3 */; };
		179758901F4C99B70035F59A /* Goi-Mua-Trung-Quan-Idol.mp3 in Resources */ = {isa = PBXBuildFile; fileRef = 179758881F4C99B70035F59A /* Goi-Mua-Trung-Quan-Idol.mp3 */; };
		179758911F4C99B70035F59A /* Mua-Yeu-Cu-Trung-Quan-Idol.mp3 in Resources */ = {isa = PBXBuildFile; fileRef = 179758891F4C99B70035F59A /* Mua-Yeu-Cu-Trung-Quan-Idol.mp3 */; };
		179758921F4C99B70035F59A /* Ngoi-Hat-Do-Buon-Co-Gai-Den-Tu-Hom-Qua-OST-Truc-Nhan.mp3 in Resources */ = {isa = PBXBuildFile; fileRef = 1797588A1F4C99B70035F59A /* Ngoi-Hat-Do-Buon-Co-Gai-Den-Tu-Hom-Qua-OST-Truc-Nhan.mp3 */; };
		179758931F4C99B70035F59A /* soundName.mp3 in Resources */ = {isa = PBXBuildFile; fileRef = 1797588B1F4C99B70035F59A /* soundName.mp3 */; };
		179758941F4C99B70035F59A /* Tha-Vao-Mua-Trung-Quan-Idol.mp3 in Resources */ = {isa = PBXBuildFile; fileRef = 1797588C1F4C99B70035F59A /* Tha-Vao-Mua-Trung-Quan-Idol.mp3 */; };
		179758951F4C99B70035F59A /* Trot-Yeu-Trung-Quan-Idol.mp3 in Resources */ = {isa = PBXBuildFile; fileRef = 1797588D1F4C99B70035F59A /* Trot-Yeu-Trung-Quan-Idol.mp3 */; };
		3A57C7F658C7D5C3681E4FA9 /* Pods_Music_Player.framework in Frameworks */ = {isa = PBXBuildFile; fileRef = 96311B84A947596C14878F2C /* Pods_Music_Player.framework */; };
/* End PBXBuildFile section */

/* Begin PBXFileReference section */
		140958D087C6F20FF4DA90DB /* Pods-Music Player.release.xcconfig */ = {isa = PBXFileReference; includeInIndex = 1; lastKnownFileType = text.xcconfig; name = "Pods-Music Player.release.xcconfig"; path = "Pods/Target Support Files/Pods-Music Player/Pods-Music Player.release.xcconfig"; sourceTree = "<group>"; };
		141B83991F4BD9F500725933 /* PlayerViewController.swift */ = {isa = PBXFileReference; fileEncoding = 4; lastKnownFileType = sourcecode.swift; path = PlayerViewController.swift; sourceTree = "<group>"; };
		141CDFD41F4ADA3C00080F4E /* Music Player.app */ = {isa = PBXFileReference; explicitFileType = wrapper.application; includeInIndex = 0; path = "Music Player.app"; sourceTree = BUILT_PRODUCTS_DIR; };
		141CDFD71F4ADA3C00080F4E /* AppDelegate.swift */ = {isa = PBXFileReference; lastKnownFileType = sourcecode.swift; path = AppDelegate.swift; sourceTree = "<group>"; };
		141CDFD91F4ADA3C00080F4E /* SongsListViewController.swift */ = {isa = PBXFileReference; lastKnownFileType = sourcecode.swift; path = SongsListViewController.swift; sourceTree = "<group>"; };
		141CDFDB1F4ADA3C00080F4E /* AlbumsViewController.swift */ = {isa = PBXFileReference; lastKnownFileType = sourcecode.swift; path = AlbumsViewController.swift; sourceTree = "<group>"; };
		141CDFDE1F4ADA3C00080F4E /* Base */ = {isa = PBXFileReference; lastKnownFileType = file.storyboard; name = Base; path = Base.lproj/Main.storyboard; sourceTree = "<group>"; };
		141CDFE01F4ADA3D00080F4E /* Assets.xcassets */ = {isa = PBXFileReference; lastKnownFileType = folder.assetcatalog; path = Assets.xcassets; sourceTree = "<group>"; };
		141CDFE31F4ADA3D00080F4E /* Base */ = {isa = PBXFileReference; lastKnownFileType = file.storyboard; name = Base; path = Base.lproj/LaunchScreen.storyboard; sourceTree = "<group>"; };
		141CDFE51F4ADA3D00080F4E /* Info.plist */ = {isa = PBXFileReference; lastKnownFileType = text.plist.xml; path = Info.plist; sourceTree = "<group>"; };
		141CDFFC1F4AEDBC00080F4E /* ArtistsViewController.swift */ = {isa = PBXFileReference; fileEncoding = 4; lastKnownFileType = sourcecode.swift; path = ArtistsViewController.swift; sourceTree = "<group>"; };
		1451338A1F4EAB4A00A8AB58 /* SongQuerry.swift */ = {isa = PBXFileReference; fileEncoding = 4; lastKnownFileType = sourcecode.swift; path = SongQuerry.swift; sourceTree = "<group>"; };
		179758861F4C99B70035F59A /* Chua-Bao-Gio-Trung-Quan-Idol.mp3 */ = {isa = PBXFileReference; lastKnownFileType = audio.mp3; path = "Chua-Bao-Gio-Trung-Quan-Idol.mp3"; sourceTree = "<group>"; };
		179758871F4C99B70035F59A /* Duoi-Nhung-Con-Mua-Mr-Siro.mp3 */ = {isa = PBXFileReference; lastKnownFileType = audio.mp3; path = "Duoi-Nhung-Con-Mua-Mr-Siro.mp3"; sourceTree = "<group>"; };
		179758881F4C99B70035F59A /* Goi-Mua-Trung-Quan-Idol.mp3 */ = {isa = PBXFileReference; lastKnownFileType = audio.mp3; path = "Goi-Mua-Trung-Quan-Idol.mp3"; sourceTree = "<group>"; };
		179758891F4C99B70035F59A /* Mua-Yeu-Cu-Trung-Quan-Idol.mp3 */ = {isa = PBXFileReference; lastKnownFileType = audio.mp3; path = "Mua-Yeu-Cu-Trung-Quan-Idol.mp3"; sourceTree = "<group>"; };
		1797588A1F4C99B70035F59A /* Ngoi-Hat-Do-Buon-Co-Gai-Den-Tu-Hom-Qua-OST-Truc-Nhan.mp3 */ = {isa = PBXFileReference; lastKnownFileType = audio.mp3; path = "Ngoi-Hat-Do-Buon-Co-Gai-Den-Tu-Hom-Qua-OST-Truc-Nhan.mp3"; sourceTree = "<group>"; };
		1797588B1F4C99B70035F59A /* soundName.mp3 */ = {isa = PBXFileReference; lastKnownFileType = audio.mp3; path = soundName.mp3; sourceTree = "<group>"; };
		1797588C1F4C99B70035F59A /* Tha-Vao-Mua-Trung-Quan-Idol.mp3 */ = {isa = PBXFileReference; lastKnownFileType = audio.mp3; path = "Tha-Vao-Mua-Trung-Quan-Idol.mp3"; sourceTree = "<group>"; };
		1797588D1F4C99B70035F59A /* Trot-Yeu-Trung-Quan-Idol.mp3 */ = {isa = PBXFileReference; lastKnownFileType = audio.mp3; path = "Trot-Yeu-Trung-Quan-Idol.mp3"; sourceTree = "<group>"; };
		1AEC0B4BAEB5F5BA814E8A8E /* Pods-Music Player.debug.xcconfig */ = {isa = PBXFileReference; includeInIndex = 1; lastKnownFileType = text.xcconfig; name = "Pods-Music Player.debug.xcconfig"; path = "Pods/Target Support Files/Pods-Music Player/Pods-Music Player.debug.xcconfig"; sourceTree = "<group>"; };
		96311B84A947596C14878F2C /* Pods_Music_Player.framework */ = {isa = PBXFileReference; explicitFileType = wrapper.framework; includeInIndex = 0; path = Pods_Music_Player.framework; sourceTree = BUILT_PRODUCTS_DIR; };
/* End PBXFileReference section */

/* Begin PBXFrameworksBuildPhase section */
		141CDFD11F4ADA3B00080F4E /* Frameworks */ = {
			isa = PBXFrameworksBuildPhase;
			buildActionMask = 2147483647;
			files = (
				3A57C7F658C7D5C3681E4FA9 /* Pods_Music_Player.framework in Frameworks */,
			);
			runOnlyForDeploymentPostprocessing = 0;
		};
/* End PBXFrameworksBuildPhase section */

/* Begin PBXGroup section */
		141CDFCB1F4ADA3B00080F4E = {
			isa = PBXGroup;
			children = (
				141CDFD61F4ADA3C00080F4E /* Music Player */,
				141CDFD51F4ADA3C00080F4E /* Products */,
				71E4EAE1E739843228408CFD /* Pods */,
				DDD0762E7A23656FF431300B /* Frameworks */,
			);
			sourceTree = "<group>";
		};
		141CDFD51F4ADA3C00080F4E /* Products */ = {
			isa = PBXGroup;
			children = (
				141CDFD41F4ADA3C00080F4E /* Music Player.app */,
			);
			name = Products;
			sourceTree = "<group>";
		};
		141CDFD61F4ADA3C00080F4E /* Music Player */ = {
			isa = PBXGroup;
			children = (
				141CDFD71F4ADA3C00080F4E /* AppDelegate.swift */,
				141CDFD91F4ADA3C00080F4E /* SongsListViewController.swift */,
				141B83991F4BD9F500725933 /* PlayerViewController.swift */,
				1451338A1F4EAB4A00A8AB58 /* SongQuerry.swift */,
				141CDFDB1F4ADA3C00080F4E /* AlbumsViewController.swift */,
				141CDFFC1F4AEDBC00080F4E /* ArtistsViewController.swift */,
				141CDFDD1F4ADA3C00080F4E /* Main.storyboard */,
				141CDFE01F4ADA3D00080F4E /* Assets.xcassets */,
				141CDFE21F4ADA3D00080F4E /* LaunchScreen.storyboard */,
				141CDFE51F4ADA3D00080F4E /* Info.plist */,
				179758961F4C99C00035F59A /* mp3 */,
			);
			path = "Music Player";
			sourceTree = "<group>";
		};
		179758961F4C99C00035F59A /* mp3 */ = {
			isa = PBXGroup;
			children = (
				179758861F4C99B70035F59A /* Chua-Bao-Gio-Trung-Quan-Idol.mp3 */,
				179758871F4C99B70035F59A /* Duoi-Nhung-Con-Mua-Mr-Siro.mp3 */,
				179758881F4C99B70035F59A /* Goi-Mua-Trung-Quan-Idol.mp3 */,
				179758891F4C99B70035F59A /* Mua-Yeu-Cu-Trung-Quan-Idol.mp3 */,
				1797588A1F4C99B70035F59A /* Ngoi-Hat-Do-Buon-Co-Gai-Den-Tu-Hom-Qua-OST-Truc-Nhan.mp3 */,
				1797588B1F4C99B70035F59A /* soundName.mp3 */,
				1797588C1F4C99B70035F59A /* Tha-Vao-Mua-Trung-Quan-Idol.mp3 */,
				1797588D1F4C99B70035F59A /* Trot-Yeu-Trung-Quan-Idol.mp3 */,
			);
			name = mp3;
			sourceTree = "<group>";
		};
		71E4EAE1E739843228408CFD /* Pods */ = {
			isa = PBXGroup;
			children = (
				1AEC0B4BAEB5F5BA814E8A8E /* Pods-Music Player.debug.xcconfig */,
				140958D087C6F20FF4DA90DB /* Pods-Music Player.release.xcconfig */,
			);
			name = Pods;
			sourceTree = "<group>";
		};
		DDD0762E7A23656FF431300B /* Frameworks */ = {
			isa = PBXGroup;
			children = (
				96311B84A947596C14878F2C /* Pods_Music_Player.framework */,
			);
			name = Frameworks;
			sourceTree = "<group>";
		};
/* End PBXGroup section */

/* Begin PBXNativeTarget section */
		141CDFD31F4ADA3B00080F4E /* Music Player */ = {
			isa = PBXNativeTarget;
			buildConfigurationList = 141CDFE81F4ADA3D00080F4E /* Build configuration list for PBXNativeTarget "Music Player" */;
			buildPhases = (
				A34F6AA99F286EE11F458D00 /* [CP] Check Pods Manifest.lock */,
				141CDFD01F4ADA3B00080F4E /* Sources */,
				141CDFD11F4ADA3B00080F4E /* Frameworks */,
				141CDFD21F4ADA3B00080F4E /* Resources */,
				F34EB4EFB77F5CE3621AAE44 /* [CP] Embed Pods Frameworks */,
				264429C25CD231D75B987E63 /* [CP] Copy Pods Resources */,
			);
			buildRules = (
			);
			dependencies = (
			);
			name = "Music Player";
			productName = "Music Player";
			productReference = 141CDFD41F4ADA3C00080F4E /* Music Player.app */;
			productType = "com.apple.product-type.application";
		};
/* End PBXNativeTarget section */

/* Begin PBXProject section */
		141CDFCC1F4ADA3B00080F4E /* Project object */ = {
			isa = PBXProject;
			attributes = {
				LastSwiftUpdateCheck = 0830;
				LastUpgradeCheck = 0830;
				ORGANIZATIONNAME = Quan;
				TargetAttributes = {
					141CDFD31F4ADA3B00080F4E = {
						CreatedOnToolsVersion = 8.3.3;
						DevelopmentTeam = PYAF73A2GE;
						ProvisioningStyle = Automatic;
					};
				};
			};
			buildConfigurationList = 141CDFCF1F4ADA3B00080F4E /* Build configuration list for PBXProject "Music Player" */;
			compatibilityVersion = "Xcode 3.2";
			developmentRegion = English;
			hasScannedForEncodings = 0;
			knownRegions = (
				en,
				Base,
			);
			mainGroup = 141CDFCB1F4ADA3B00080F4E;
			productRefGroup = 141CDFD51F4ADA3C00080F4E /* Products */;
			projectDirPath = "";
			projectRoot = "";
			targets = (
				141CDFD31F4ADA3B00080F4E /* Music Player */,
			);
		};
/* End PBXProject section */

/* Begin PBXResourcesBuildPhase section */
		141CDFD21F4ADA3B00080F4E /* Resources */ = {
			isa = PBXResourcesBuildPhase;
			buildActionMask = 2147483647;
			files = (
				1797588F1F4C99B70035F59A /* Duoi-Nhung-Con-Mua-Mr-Siro.mp3 in Resources */,
				1797588E1F4C99B70035F59A /* Chua-Bao-Gio-Trung-Quan-Idol.mp3 in Resources */,
				179758921F4C99B70035F59A /* Ngoi-Hat-Do-Buon-Co-Gai-Den-Tu-Hom-Qua-OST-Truc-Nhan.mp3 in Resources */,
				179758901F4C99B70035F59A /* Goi-Mua-Trung-Quan-Idol.mp3 in Resources */,
				179758931F4C99B70035F59A /* soundName.mp3 in Resources */,
				141CDFE41F4ADA3D00080F4E /* LaunchScreen.storyboard in Resources */,
				141CDFE11F4ADA3D00080F4E /* Assets.xcassets in Resources */,
				179758911F4C99B70035F59A /* Mua-Yeu-Cu-Trung-Quan-Idol.mp3 in Resources */,
				141CDFDF1F4ADA3C00080F4E /* Main.storyboard in Resources */,
				179758951F4C99B70035F59A /* Trot-Yeu-Trung-Quan-Idol.mp3 in Resources */,
				179758941F4C99B70035F59A /* Tha-Vao-Mua-Trung-Quan-Idol.mp3 in Resources */,
			);
			runOnlyForDeploymentPostprocessing = 0;
		};
/* End PBXResourcesBuildPhase section */

/* Begin PBXShellScriptBuildPhase section */
		264429C25CD231D75B987E63 /* [CP] Copy Pods Resources */ = {
			isa = PBXShellScriptBuildPhase;
			buildActionMask = 2147483647;
			files = (
			);
			inputPaths = (
			);
			name = "[CP] Copy Pods Resources";
			outputPaths = (
			);
			runOnlyForDeploymentPostprocessing = 0;
			shellPath = /bin/sh;
			shellScript = "\"${SRCROOT}/Pods/Target Support Files/Pods-Music Player/Pods-Music Player-resources.sh\"\n";
			showEnvVarsInLog = 0;
		};
		A34F6AA99F286EE11F458D00 /* [CP] Check Pods Manifest.lock */ = {
			isa = PBXShellScriptBuildPhase;
			buildActionMask = 2147483647;
			files = (
			);
			inputPaths = (
				"${PODS_PODFILE_DIR_PATH}/Podfile.lock",
				"${PODS_ROOT}/Manifest.lock",
			);
			name = "[CP] Check Pods Manifest.lock";
			outputPaths = (
				"$(DERIVED_FILE_DIR)/Pods-Music Player-checkManifestLockResult.txt",
			);
			runOnlyForDeploymentPostprocessing = 0;
			shellPath = /bin/sh;
			shellScript = "diff \"${PODS_PODFILE_DIR_PATH}/Podfile.lock\" \"${PODS_ROOT}/Manifest.lock\" > /dev/null\nif [ $? != 0 ] ; then\n    # print error to STDERR\n    echo \"error: The sandbox is not in sync with the Podfile.lock. Run 'pod install' or update your CocoaPods installation.\" >&2\n    exit 1\nfi\n# This output is used by Xcode 'outputs' to avoid re-running this script phase.\necho \"SUCCESS\" > \"${SCRIPT_OUTPUT_FILE_0}\"\n";
			showEnvVarsInLog = 0;
		};
		F34EB4EFB77F5CE3621AAE44 /* [CP] Embed Pods Frameworks */ = {
			isa = PBXShellScriptBuildPhase;
			buildActionMask = 2147483647;
			files = (
			);
			inputPaths = (
				"${SRCROOT}/Pods/Target Support Files/Pods-Music Player/Pods-Music Player-frameworks.sh",
				"${BUILT_PRODUCTS_DIR}/CircularSlider/CircularSlider.framework",
			);
			name = "[CP] Embed Pods Frameworks";
			outputPaths = (
				"${TARGET_BUILD_DIR}/${FRAMEWORKS_FOLDER_PATH}/CircularSlider.framework",
			);
			runOnlyForDeploymentPostprocessing = 0;
			shellPath = /bin/sh;
			shellScript = "\"${SRCROOT}/Pods/Target Support Files/Pods-Music Player/Pods-Music Player-frameworks.sh\"\n";
			showEnvVarsInLog = 0;
		};
/* End PBXShellScriptBuildPhase section */

/* Begin PBXSourcesBuildPhase section */
		141CDFD01F4ADA3B00080F4E /* Sources */ = {
			isa = PBXSourcesBuildPhase;
			buildActionMask = 2147483647;
			files = (
				141CDFDC1F4ADA3C00080F4E /* AlbumsViewController.swift in Sources */,
				141CDFD81F4ADA3C00080F4E /* AppDelegate.swift in Sources */,
				1451338B1F4EAB4A00A8AB58 /* SongQuerry.swift in Sources */,
				141CDFFD1F4AEDBC00080F4E /* ArtistsViewController.swift in Sources */,
				141CDFDA1F4ADA3C00080F4E /* SongsListViewController.swift in Sources */,
				141B839A1F4BD9F500725933 /* PlayerViewController.swift in Sources */,
			);
			runOnlyForDeploymentPostprocessing = 0;
		};
/* End PBXSourcesBuildPhase section */

/* Begin PBXVariantGroup section */
		141CDFDD1F4ADA3C00080F4E /* Main.storyboard */ = {
			isa = PBXVariantGroup;
			children = (
				141CDFDE1F4ADA3C00080F4E /* Base */,
			);
			name = Main.storyboard;
			sourceTree = "<group>";
		};
		141CDFE21F4ADA3D00080F4E /* LaunchScreen.storyboard */ = {
			isa = PBXVariantGroup;
			children = (
				141CDFE31F4ADA3D00080F4E /* Base */,
			);
			name = LaunchScreen.storyboard;
			sourceTree = "<group>";
		};
/* End PBXVariantGroup section */

/* Begin XCBuildConfiguration section */
		141CDFE61F4ADA3D00080F4E /* Debug */ = {
			isa = XCBuildConfiguration;
			buildSettings = {
				ALWAYS_SEARCH_USER_PATHS = NO;
				CLANG_ANALYZER_NONNULL = YES;
				CLANG_ANALYZER_NUMBER_OBJECT_CONVERSION = YES_AGGRESSIVE;
				CLANG_CXX_LANGUAGE_STANDARD = "gnu++0x";
				CLANG_CXX_LIBRARY = "libc++";
				CLANG_ENABLE_MODULES = YES;
				CLANG_ENABLE_OBJC_ARC = YES;
				CLANG_WARN_BOOL_CONVERSION = YES;
				CLANG_WARN_CONSTANT_CONVERSION = YES;
				CLANG_WARN_DIRECT_OBJC_ISA_USAGE = YES_ERROR;
				CLANG_WARN_DOCUMENTATION_COMMENTS = YES;
				CLANG_WARN_EMPTY_BODY = YES;
				CLANG_WARN_ENUM_CONVERSION = YES;
				CLANG_WARN_INFINITE_RECURSION = YES;
				CLANG_WARN_INT_CONVERSION = YES;
				CLANG_WARN_OBJC_ROOT_CLASS = YES_ERROR;
				CLANG_WARN_SUSPICIOUS_MOVE = YES;
				CLANG_WARN_UNREACHABLE_CODE = YES;
				CLANG_WARN__DUPLICATE_METHOD_MATCH = YES;
				"CODE_SIGN_IDENTITY[sdk=iphoneos*]" = "iPhone Developer";
				COPY_PHASE_STRIP = NO;
				DEBUG_INFORMATION_FORMAT = dwarf;
				ENABLE_STRICT_OBJC_MSGSEND = YES;
				ENABLE_TESTABILITY = YES;
				GCC_C_LANGUAGE_STANDARD = gnu99;
				GCC_DYNAMIC_NO_PIC = NO;
				GCC_NO_COMMON_BLOCKS = YES;
				GCC_OPTIMIZATION_LEVEL = 0;
				GCC_PREPROCESSOR_DEFINITIONS = (
					"DEBUG=1",
					"$(inherited)",
				);
				GCC_WARN_64_TO_32_BIT_CONVERSION = YES;
				GCC_WARN_ABOUT_RETURN_TYPE = YES_ERROR;
				GCC_WARN_UNDECLARED_SELECTOR = YES;
				GCC_WARN_UNINITIALIZED_AUTOS = YES_AGGRESSIVE;
				GCC_WARN_UNUSED_FUNCTION = YES;
				GCC_WARN_UNUSED_VARIABLE = YES;
				IPHONEOS_DEPLOYMENT_TARGET = 10.3;
				MTL_ENABLE_DEBUG_INFO = YES;
				ONLY_ACTIVE_ARCH = YES;
				SDKROOT = iphoneos;
				SWIFT_ACTIVE_COMPILATION_CONDITIONS = DEBUG;
				SWIFT_OPTIMIZATION_LEVEL = "-Onone";
				TARGETED_DEVICE_FAMILY = "1,2";
			};
			name = Debug;
		};
		141CDFE71F4ADA3D00080F4E /* Release */ = {
			isa = XCBuildConfiguration;
			buildSettings = {
				ALWAYS_SEARCH_USER_PATHS = NO;
				CLANG_ANALYZER_NONNULL = YES;
				CLANG_ANALYZER_NUMBER_OBJECT_CONVERSION = YES_AGGRESSIVE;
				CLANG_CXX_LANGUAGE_STANDARD = "gnu++0x";
				CLANG_CXX_LIBRARY = "libc++";
				CLANG_ENABLE_MODULES = YES;
				CLANG_ENABLE_OBJC_ARC = YES;
				CLANG_WARN_BOOL_CONVERSION = YES;
				CLANG_WARN_CONSTANT_CONVERSION = YES;
				CLANG_WARN_DIRECT_OBJC_ISA_USAGE = YES_ERROR;
				CLANG_WARN_DOCUMENTATION_COMMENTS = YES;
				CLANG_WARN_EMPTY_BODY = YES;
				CLANG_WARN_ENUM_CONVERSION = YES;
				CLANG_WARN_INFINITE_RECURSION = YES;
				CLANG_WARN_INT_CONVERSION = YES;
				CLANG_WARN_OBJC_ROOT_CLASS = YES_ERROR;
				CLANG_WARN_SUSPICIOUS_MOVE = YES;
				CLANG_WARN_UNREACHABLE_CODE = YES;
				CLANG_WARN__DUPLICATE_METHOD_MATCH = YES;
				"CODE_SIGN_IDENTITY[sdk=iphoneos*]" = "iPhone Developer";
				COPY_PHASE_STRIP = NO;
				DEBUG_INFORMATION_FORMAT = "dwarf-with-dsym";
				ENABLE_NS_ASSERTIONS = NO;
				ENABLE_STRICT_OBJC_MSGSEND = YES;
				GCC_C_LANGUAGE_STANDARD = gnu99;
				GCC_NO_COMMON_BLOCKS = YES;
				GCC_WARN_64_TO_32_BIT_CONVERSION = YES;
				GCC_WARN_ABOUT_RETURN_TYPE = YES_ERROR;
				GCC_WARN_UNDECLARED_SELECTOR = YES;
				GCC_WARN_UNINITIALIZED_AUTOS = YES_AGGRESSIVE;
				GCC_WARN_UNUSED_FUNCTION = YES;
				GCC_WARN_UNUSED_VARIABLE = YES;
				IPHONEOS_DEPLOYMENT_TARGET = 10.3;
				MTL_ENABLE_DEBUG_INFO = NO;
				SDKROOT = iphoneos;
				SWIFT_OPTIMIZATION_LEVEL = "-Owholemodule";
				TARGETED_DEVICE_FAMILY = "1,2";
				VALIDATE_PRODUCT = YES;
			};
			name = Release;
		};
		141CDFE91F4ADA3D00080F4E /* Debug */ = {
			isa = XCBuildConfiguration;
			baseConfigurationReference = 1AEC0B4BAEB5F5BA814E8A8E /* Pods-Music Player.debug.xcconfig */;
			buildSettings = {
				ASSETCATALOG_COMPILER_APPICON_NAME = AppIcon;
				DEVELOPMENT_TEAM = PYAF73A2GE;
				INFOPLIST_FILE = "Music Player/Info.plist";
				INFOPLIST_OTHER_PREPROCESSOR_FLAGS = "-traditional";
				IPHONEOS_DEPLOYMENT_TARGET = 10.0;
				LD_RUNPATH_SEARCH_PATHS = "$(inherited) @executable_path/Frameworks";
				PRODUCT_BUNDLE_IDENTIFIER = "X.Music-Player2";
				PRODUCT_NAME = "$(TARGET_NAME)";
				SWIFT_VERSION = 3.0;
			};
			name = Debug;
		};
		141CDFEA1F4ADA3D00080F4E /* Release */ = {
			isa = XCBuildConfiguration;
			baseConfigurationReference = 140958D087C6F20FF4DA90DB /* Pods-Music Player.release.xcconfig */;
			buildSettings = {
				ASSETCATALOG_COMPILER_APPICON_NAME = AppIcon;
				DEVELOPMENT_TEAM = PYAF73A2GE;
				INFOPLIST_FILE = "Music Player/Info.plist";
				INFOPLIST_OTHER_PREPROCESSOR_FLAGS = "-traditional";
				IPHONEOS_DEPLOYMENT_TARGET = 10.0;
				LD_RUNPATH_SEARCH_PATHS = "$(inherited) @executable_path/Frameworks";
				PRODUCT_BUNDLE_IDENTIFIER = "X.Music-Player2";
				PRODUCT_NAME = "$(TARGET_NAME)";
				SWIFT_VERSION = 3.0;
			};
			name = Release;
		};
/* End XCBuildConfiguration section */

/* Begin XCConfigurationList section */
		141CDFCF1F4ADA3B00080F4E /* Build configuration list for PBXProject "Music Player" */ = {
			isa = XCConfigurationList;
			buildConfigurations = (
				141CDFE61F4ADA3D00080F4E /* Debug */,
				141CDFE71F4ADA3D00080F4E /* Release */,
			);
			defaultConfigurationIsVisible = 0;
			defaultConfigurationName = Release;
		};
		141CDFE81F4ADA3D00080F4E /* Build configuration list for PBXNativeTarget "Music Player" */ = {
			isa = XCConfigurationList;
			buildConfigurations = (
				141CDFE91F4ADA3D00080F4E /* Debug */,
				141CDFEA1F4ADA3D00080F4E /* Release */,
			);
			defaultConfigurationIsVisible = 0;
			defaultConfigurationName = Release;
		};
/* End XCConfigurationList section */
	};
	rootObject = 141CDFCC1F4ADA3B00080F4E /* Project object */;
}
